dependencies:
- name: apache
  repository: file://charts/apache
  version: 1.0.0
- name: mysql
  repository: file://charts/mysql
  version: 1.0.0
- name: php
  repository: file://charts/php
  version: 1.0.0
digest: sha256:d691cbb981b6941cfa1ba7775153923c17926d0a96d320a2f1e3f423ef4a8f1b
generated: "2025-11-13T10:01:37.370237062+01:00"
